// !$*UTF8*$!
{
	archiveVersion = 1;
	classes = {
	};
	objectVersion = 46;
	objects = {

/* Begin PBXBuildFile section */
		49F02F721BBFA38800631CAD /* AppDelegate.swift in Sources */ = {isa = PBXBuildFile; fileRef = 49F02F711BBFA38800631CAD /* AppDelegate.swift */; };
		49F02F741BBFA38800631CAD /* ViewController.swift in Sources */ = {isa = PBXBuildFile; fileRef = 49F02F731BBFA38800631CAD /* ViewController.swift */; };
		49F02F771BBFA38800631CAD /* Main.storyboard in Resources */ = {isa = PBXBuildFile; fileRef = 49F02F751BBFA38800631CAD /* Main.storyboard */; };
		49F02F791BBFA38800631CAD /* Assets.xcassets in Resources */ = {isa = PBXBuildFile; fileRef = 49F02F781BBFA38800631CAD /* Assets.xcassets */; };
		49F02F7C1BBFA38800631CAD /* LaunchScreen.storyboard in Resources */ = {isa = PBXBuildFile; fileRef = 49F02F7A1BBFA38800631CAD /* LaunchScreen.storyboard */; };
/* End PBXBuildFile section */

/* Begin PBXFileReference section */
		49F02F6E1BBFA38800631CAD /* Faces.app */ = {isa = PBXFileReference; explicitFileType = wrapper.application; includeInIndex = 0; path = Faces.app; sourceTree = BUILT_PRODUCTS_DIR; };
		49F02F711BBFA38800631CAD /* AppDelegate.swift */ = {isa = PBXFileReference; lastKnownFileType = sourcecode.swift; path = AppDelegate.swift; sourceTree = "<group>"; };
		49F02F731BBFA38800631CAD /* ViewController.swift */ = {isa = PBXFileReference; lastKnownFileType = sourcecode.swift; path = ViewController.swift; sourceTree = "<group>"; };
		49F02F761BBFA38800631CAD /* Base */ = {isa = PBXFileReference; lastKnownFileType = file.storyboard; name = Base; path = Base.lproj/Main.storyboard; sourceTree = "<group>"; };
		49F02F781BBFA38800631CAD /* Assets.xcassets */ = {isa = PBXFileReference; lastKnownFileType = folder.assetcatalog; path = Assets.xcassets; sourceTree = "<group>"; };
		49F02F7B1BBFA38800631CAD /* Base */ = {isa = PBXFileReference; lastKnownFileType = file.storyboard; name = Base; path = Base.lproj/LaunchScreen.storyboard; sourceTree = "<group>"; };
		49F02F7D1BBFA38800631CAD /* Info.plist */ = {isa = PBXFileReference; lastKnownFileType = text.plist.xml; path = Info.plist; sourceTree = "<group>"; };
/* End PBXFileReference section */

/* Begin PBXFrameworksBuildPhase section */
		49F02F6B1BBFA38800631CAD /* Frameworks */ = {
			isa = PBXFrameworksBuildPhase;
			buildActionMask = 2147483647;
			files = (
			);
			runOnlyForDeploymentPostprocessing = 0;
		};
/* End PBXFrameworksBuildPhase section */

/* Begin PBXGroup section */
		49F02F651BBFA38800631CAD = {
			isa = PBXGroup;
			children = (
				49F02F701BBFA38800631CAD /* Faces */,
				49F02F6F1BBFA38800631CAD /* Products */,
			);
			sourceTree = "<group>";
		};
		49F02F6F1BBFA38800631CAD /* Products */ = {
			isa = PBXGroup;
			children = (
				49F02F6E1BBFA38800631CAD /* Faces.app */,
			);
			name = Products;
			sourceTree = "<group>";
		};
		49F02F701BBFA38800631CAD /* Faces */ = {
			isa = PBXGroup;
			children = (
				49F02F711BBFA38800631CAD /* AppDelegate.swift */,
				49F02F731BBFA38800631CAD /* ViewController.swift */,
				49F02F751BBFA38800631CAD /* Main.storyboard */,
				49F02F781BBFA38800631CAD /* Assets.xcassets */,
				49F02F7A1BBFA38800631CAD /* LaunchScreen.storyboard */,
				49F02F7D1BBFA38800631CAD /* Info.plist */,
			);
			path = Faces;
			sourceTree = "<group>";
		};
/* End PBXGroup section */

/* Begin PBXNativeTarget section */
		49F02F6D1BBFA38800631CAD /* Faces */ = {
			isa = PBXNativeTarget;
			buildConfigurationList = 49F02F801BBFA38800631CAD /* Build configuration list for PBXNativeTarget "Faces" */;
			buildPhases = (
				49F02F6A1BBFA38800631CAD /* Sources */,
				49F02F6B1BBFA38800631CAD /* Frameworks */,
				49F02F6C1BBFA38800631CAD /* Resources */,
			);
			buildRules = (
			);
			dependencies = (
			);
			name = Faces;
			productName = Faces;
			productReference = 49F02F6E1BBFA38800631CAD /* Faces.app */;
			productType = "com.apple.product-type.application";
		};
/* End PBXNativeTarget section */

/* Begin PBXProject section */
		49F02F661BBFA38800631CAD /* Project object */ = {
			isa = PBXProject;
			attributes = {
				LastUpgradeCheck = 0700;
				ORGANIZATIONNAME = thegeekgoddess.net;
				TargetAttributes = {
					49F02F6D1BBFA38800631CAD = {
						CreatedOnToolsVersion = 7.0.1;
						DevelopmentTeam = ENPR7X2K8Z;
					};
				};
			};
			buildConfigurationList = 49F02F691BBFA38800631CAD /* Build configuration list for PBXProject "Faces" */;
			compatibilityVersion = "Xcode 3.2";
			developmentRegion = English;
			hasScannedForEncodings = 0;
			knownRegions = (
				en,
				Base,
			);
			mainGroup = 49F02F651BBFA38800631CAD;
			productRefGroup = 49F02F6F1BBFA38800631CAD /* Products */;
			projectDirPath = "";
			projectRoot = "";
			targets = (
				49F02F6D1BBFA38800631CAD /* Faces */,
			);
		};
/* End PBXProject section */

/* Begin PBXResourcesBuildPhase section */
		49F02F6C1BBFA38800631CAD /* Resources */ = {
			isa = PBXResourcesBuildPhase;
			buildActionMask = 2147483647;
			files = (
				49F02F7C1BBFA38800631CAD /* LaunchScreen.storyboard in Resources */,
				49F02F791BBFA38800631CAD /* Assets.xcassets in Resources */,
				49F02F771BBFA38800631CAD /* Main.storyboard in Resources */,
			);
			runOnlyForDeploymentPostprocessing = 0;
		};
/* End PBXResourcesBuildPhase section */

/* Begin PBXSourcesBuildPhase section */
		49F02F6A1BBFA38800631CAD /* Sources */ = {
			isa = PBXSourcesBuildPhase;
			buildActionMask = 2147483647;
			files = (
				49F02F741BBFA38800631CAD /* ViewController.swift in Sources */,
				49F02F721BBFA38800631CAD /* AppDelegate.swift in Sources */,
			);
			runOnlyForDeploymentPostprocessing = 0;
		};
/* End PBXSourcesBuildPhase section */

/* Begin PBXVariantGroup section */
		49F02F751BBFA38800631CAD /* Main.storyboard */ = {
			isa = PBXVariantGroup;
			children = (
				49F02F761BBFA38800631CAD /* Base */,
			);
			name = Main.storyboard;
			sourceTree = "<group>";
		};
		49F02F7A1BBFA38800631CAD /* LaunchScreen.storyboard */ = {
			isa = PBXVariantGroup;
			children = (
				49F02F7B1BBFA38800631CAD /* Base */,
			);
			name = LaunchScreen.storyboard;
			sourceTree = "<group>";
		};
/* End PBXVariantGroup section */

/* Begin XCBuildConfiguration section */
		49F02F7E1BBFA38800631CAD /* Debug */ = {
			isa = XCBuildConfiguration;
			buildSettings = {
				ALWAYS_SEARCH_USER_PATHS = NO;
				CLANG_CXX_LANGUAGE_STANDARD = "gnu++0x";
				CLANG_CXX_LIBRARY = "libc++";
				CLANG_ENABLE_MODULES = YES;
				CLANG_ENABLE_OBJC_ARC = YES;
				CLANG_WARN_BOOL_CONVERSION = YES;
				CLANG_WARN_CONSTANT_CONVERSION = YES;
				CLANG_WARN_DIRECT_OBJC_ISA_USAGE = YES_ERROR;
				CLANG_WARN_EMPTY_BODY = YES;
				CLANG_WARN_ENUM_CONVERSION = YES;
				CLANG_WARN_INT_CONVERSION = YES;
				CLANG_WARN_OBJC_ROOT_CLASS = YES_ERROR;
				CLANG_WARN_UNREACHABLE_CODE = YES;
				CLANG_WARN__DUPLICATE_METHOD_MATCH = YES;
				"CODE_SIGN_IDENTITY[sdk=iphoneos*]" = "iPhone Developer";
				COPY_PHASE_STRIP = NO;
				DEBUG_INFORMATION_FORMAT = dwarf;
				ENABLE_STRICT_OBJC_MSGSEND = YES;
				ENABLE_TESTABILITY = YES;
				GCC_C_LANGUAGE_STANDARD = gnu99;
				GCC_DYNAMIC_NO_PIC = NO;
				GCC_NO_COMMON_BLOCKS = YES;
				GCC_OPTIMIZATION_LEVEL = 0;
				GCC_PREPROCESSOR_DEFINITIONS = (
					"DEBUG=1",
					"$(inherited)",
				);
				GCC_WARN_64_TO_32_BIT_CONVERSION = YES;
				GCC_WARN_ABOUT_RETURN_TYPE = YES_ERROR;
				GCC_WARN_UNDECLARED_SELECTOR = YES;
				GCC_WARN_UNINITIALIZED_AUTOS = YES_AGGRESSIVE;
				GCC_WARN_UNUSED_FUNCTION = YES;
				GCC_WARN_UNUSED_VARIABLE = YES;
				IPHONEOS_DEPLOYMENT_TARGET = 9.0;
				MTL_ENABLE_DEBUG_INFO = YES;
				ONLY_ACTIVE_ARCH = YES;
				SDKROOT = iphoneos;
				SWIFT_OPTIMIZATION_LEVEL = "-Onone";
			};
			name = Debug;
		};
		49F02F7F1BBFA38800631CAD /* Release */ = {
			isa = XCBuildConfiguration;
			buildSettings = {
				ALWAYS_SEARCH_USER_PATHS = NO;
				CLANG_CXX_LANGUAGE_STANDARD = "gnu++0x";
				CLANG_CXX_LIBRARY = "libc++";
				CLANG_ENABLE_MODULES = YES;
				CLANG_ENABLE_OBJC_ARC = YES;
				CLANG_WARN_BOOL_CONVERSION = YES;
				CLANG_WARN_CONSTANT_CONVERSION = YES;
				CLANG_WARN_DIRECT_OBJC_ISA_USAGE = YES_ERROR;
				CLANG_WARN_EMPTY_BODY = YES;
				CLANG_WARN_ENUM_CONVERSION = YES;
				CLANG_WARN_INT_CONVERSION = YES;
				CLANG_WARN_OBJC_ROOT_CLASS = YES_ERROR;
				CLANG_WARN_UNREACHABLE_CODE = YES;
				CLANG_WARN__DUPLICATE_METHOD_MATCH = YES;
				"CODE_SIGN_IDENTITY[sdk=iphoneos*]" = "iPhone Developer";
				COPY_PHASE_STRIP = NO;
				DEBUG_INFORMATION_FORMAT = "dwarf-with-dsym";
				ENABLE_NS_ASSERTIONS = NO;
				ENABLE_STRICT_OBJC_MSGSEND = YES;
				GCC_C_LANGUAGE_STANDARD = gnu99;
				GCC_NO_COMMON_BLOCKS = YES;
				GCC_WARN_64_TO_32_BIT_CONVERSION = YES;
				GCC_WARN_ABOUT_RETURN_TYPE = YES_ERROR;
				GCC_WARN_UNDECLARED_SELECTOR = YES;
				GCC_WARN_UNINITIALIZED_AUTOS = YES_AGGRESSIVE;
				GCC_WARN_UNUSED_FUNCTION = YES;
				GCC_WARN_UNUSED_VARIABLE = YES;
				IPHONEOS_DEPLOYMENT_TARGET = 9.0;
				MTL_ENABLE_DEBUG_INFO = NO;
				SDKROOT = iphoneos;
				VALIDATE_PRODUCT = YES;
			};
			name = Release;
		};
		49F02F811BBFA38800631CAD /* Debug */ = {
			isa = XCBuildConfiguration;
			buildSettings = {
				ASSETCATALOG_COMPILER_APPICON_NAME = AppIcon;
				INFOPLIST_FILE = Faces/Info.plist;
				LD_RUNPATH_SEARCH_PATHS = "$(inherited) @executable_path/Frameworks";
				PRODUCT_BUNDLE_IDENTIFIER = net.thegeekgoddess.Faces;
				PRODUCT_NAME = "$(TARGET_NAME)";
			};
			name = Debug;
		};
		49F02F821BBFA38800631CAD /* Release */ = {
			isa = XCBuildConfiguration;
			buildSettings = {
				ASSETCATALOG_COMPILER_APPICON_NAME = AppIcon;
				INFOPLIST_FILE = Faces/Info.plist;
				LD_RUNPATH_SEARCH_PATHS = "$(inherited) @executable_path/Frameworks";
				PRODUCT_BUNDLE_IDENTIFIER = net.thegeekgoddess.Faces;
				PRODUCT_NAME = "$(TARGET_NAME)";
			};
			name = Release;
		};
/* End XCBuildConfiguration section */

/* Begin XCConfigurationList section */
		49F02F691BBFA38800631CAD /* Build configuration list for PBXProject "Faces" */ = {
			isa = XCConfigurationList;
			buildConfigurations = (
				49F02F7E1BBFA38800631CAD /* Debug */,
				49F02F7F1BBFA38800631CAD /* Release */,
			);
			defaultConfigurationIsVisible = 0;
			defaultConfigurationName = Release;
		};
		49F02F801BBFA38800631CAD /* Build configuration list for PBXNativeTarget "Faces" */ = {
			isa = XCConfigurationList;
			buildConfigurations = (
				49F02F811BBFA38800631CAD /* Debug */,
				49F02F821BBFA38800631CAD /* Release */,
			);
			defaultConfigurationIsVisible = 0;
		};
/* End XCConfigurationList section */
	};
	rootObject = 49F02F661BBFA38800631CAD /* Project object */;
}
